
Microsoft Visual Studio Solution File, Format Version 12.00
# Visual Studio 15
VisualStudioVersion = 15.0.27703.2026
MinimumVisualStudioVersion = 10.0.40219.1
Project("{FAE04EC0-301F-11D3-BF4B-00C04F79EFBC}") = "UI-test-app", "UI-test-app.csproj", "{B2C5ADFF-D6B5-48C1-BB8C-571BFD583D7F}"
EndProject
Project("{9A19103F-16F7-4668-BE54-9A1E7A4F7556}") = "AccuWeatherXamarin", "..\AccuWeatherXamarin\AccuWeatherXamarin\AccuWeatherXamarin.csproj", "{98F62C37-2813-48B8-B344-1F42ABE1BD08}"
EndProject
Project("{FAE04EC0-301F-11D3-BF4B-00C04F79EFBC}") = "AccuWeatherXamarin.UWP", "..\AccuWeatherXamarin\AccuWeatherXamarin.UWP\AccuWeatherXamarin.UWP.csproj", "{B277B9ED-16A9-49DC-89A4-D45212AE00E2}"
EndProject
Project("{FAE04EC0-301F-11D3-BF4B-00C04F79EFBC}") = "Testing", "..\Testing\Testing.csproj", "{234753A1-A580-4C30-8101-109E58ADA7F6}"
EndProject
Global
	GlobalSection(SolutionConfigurationPlatforms) = preSolution
		Debug|Any CPU = Debug|Any CPU
		Debug|ARM = Debug|ARM
		Debug|x64 = Debug|x64
		Debug|x86 = Debug|x86
		Release|Any CPU = Release|Any CPU
		Release|ARM = Release|ARM
		Release|x64 = Release|x64
		Release|x86 = Release|x86
	EndGlobalSection
	GlobalSection(ProjectConfigurationPlatforms) = postSolution
		{B2C5ADFF-D6B5-48C1-BB8C-571BFD583D7F}.Debug|Any CPU.ActiveCfg = Debug|Any CPU
		{B2C5ADFF-D6B5-48C1-BB8C-571BFD583D7F}.Debug|Any CPU.Build.0 = Debug|Any CPU
		{B2C5ADFF-D6B5-48C1-BB8C-571BFD583D7F}.Debug|ARM.ActiveCfg = Debug|Any CPU
		{B2C5ADFF-D6B5-48C1-BB8C-571BFD583D7F}.Debug|ARM.Build.0 = Debug|Any CPU
		{B2C5ADFF-D6B5-48C1-BB8C-571BFD583D7F}.Debug|x64.ActiveCfg = Debug|Any CPU
		{B2C5ADFF-D6B5-48C1-BB8C-571BFD583D7F}.Debug|x64.Build.0 = Debug|Any CPU
		{B2C5ADFF-D6B5-48C1-BB8C-571BFD583D7F}.Debug|x86.ActiveCfg = Debug|Any CPU
		{B2C5ADFF-D6B5-48C1-BB8C-571BFD583D7F}.Debug|x86.Build.0 = Debug|Any CPU
		{B2C5ADFF-D6B5-48C1-BB8C-571BFD583D7F}.Release|Any CPU.ActiveCfg = Release|Any CPU
		{B2C5ADFF-D6B5-48C1-BB8C-571BFD583D7F}.Release|Any CPU.Build.0 = Release|Any CPU
		{B2C5ADFF-D6B5-48C1-BB8C-571BFD583D7F}.Release|ARM.ActiveCfg = Release|Any CPU
		{B2C5ADFF-D6B5-48C1-BB8C-571BFD583D7F}.Release|ARM.Build.0 = Release|Any CPU
		{B2C5ADFF-D6B5-48C1-BB8C-571BFD583D7F}.Release|x64.ActiveCfg = Release|Any CPU
		{B2C5ADFF-D6B5-48C1-BB8C-571BFD583D7F}.Release|x64.Build.0 = Release|Any CPU
		{B2C5ADFF-D6B5-48C1-BB8C-571BFD583D7F}.Release|x86.ActiveCfg = Release|Any CPU
		{B2C5ADFF-D6B5-48C1-BB8C-571BFD583D7F}.Release|x86.Build.0 = Release|Any CPU
		{98F62C37-2813-48B8-B344-1F42ABE1BD08}.Debug|Any CPU.ActiveCfg = Debug|Any CPU
		{98F62C37-2813-48B8-B344-1F42ABE1BD08}.Debug|Any CPU.Build.0 = Debug|Any CPU
		{98F62C37-2813-48B8-B344-1F42ABE1BD08}.Debug|ARM.ActiveCfg = Debug|Any CPU
		{98F62C37-2813-48B8-B344-1F42ABE1BD08}.Debug|ARM.Build.0 = Debug|Any CPU
		{98F62C37-2813-48B8-B344-1F42ABE1BD08}.Debug|x64.ActiveCfg = Debug|Any CPU
		{98F62C37-2813-48B8-B344-1F42ABE1BD08}.Debug|x64.Build.0 = Debug|Any CPU
		{98F62C37-2813-48B8-B344-1F42ABE1BD08}.Debug|x86.ActiveCfg = Debug|Any CPU
		{98F62C37-2813-48B8-B344-1F42ABE1BD08}.Debug|x86.Build.0 = Debug|Any CPU
		{98F62C37-2813-48B8-B344-1F42ABE1BD08}.Release|Any CPU.ActiveCfg = Release|Any CPU
		{98F62C37-2813-48B8-B344-1F42ABE1BD08}.Release|Any CPU.Build.0 = Release|Any CPU
		{98F62C37-2813-48B8-B344-1F42ABE1BD08}.Release|ARM.ActiveCfg = Release|Any CPU
		{98F62C37-2813-48B8-B344-1F42ABE1BD08}.Release|ARM.Build.0 = Release|Any CPU
		{98F62C37-2813-48B8-B344-1F42ABE1BD08}.Release|x64.ActiveCfg = Release|Any CPU
		{98F62C37-2813-48B8-B344-1F42ABE1BD08}.Release|x64.Build.0 = Release|Any CPU
		{98F62C37-2813-48B8-B344-1F42ABE1BD08}.Release|x86.ActiveCfg = Release|Any CPU
		{98F62C37-2813-48B8-B344-1F42ABE1BD08}.Release|x86.Build.0 = Release|Any CPU
		{B277B9ED-16A9-49DC-89A4-D45212AE00E2}.Debug|Any CPU.ActiveCfg = Debug|x86
		{B277B9ED-16A9-49DC-89A4-D45212AE00E2}.Debug|ARM.ActiveCfg = Debug|ARM
		{B277B9ED-16A9-49DC-89A4-D45212AE00E2}.Debug|ARM.Build.0 = Debug|ARM
		{B277B9ED-16A9-49DC-89A4-D45212AE00E2}.Debug|ARM.Deploy.0 = Debug|ARM
		{B277B9ED-16A9-49DC-89A4-D45212AE00E2}.Debug|x64.ActiveCfg = Debug|x64
		{B277B9ED-16A9-49DC-89A4-D45212AE00E2}.Debug|x64.Build.0 = Debug|x64
		{B277B9ED-16A9-49DC-89A4-D45212AE00E2}.Debug|x64.Deploy.0 = Debug|x64
		{B277B9ED-16A9-49DC-89A4-D45212AE00E2}.Debug|x86.ActiveCfg = Debug|x86
		{B277B9ED-16A9-49DC-89A4-D45212AE00E2}.Debug|x86.Build.0 = Debug|x86
		{B277B9ED-16A9-49DC-89A4-D45212AE00E2}.Debug|x86.Deploy.0 = Debug|x86
		{B277B9ED-16A9-49DC-89A4-D45212AE00E2}.Release|Any CPU.ActiveCfg = Release|x86
		{B277B9ED-16A9-49DC-89A4-D45212AE00E2}.Release|ARM.ActiveCfg = Release|ARM
		{B277B9ED-16A9-49DC-89A4-D45212AE00E2}.Release|ARM.Build.0 = Release|ARM
		{B277B9ED-16A9-49DC-89A4-D45212AE00E2}.Release|ARM.Deploy.0 = Release|ARM
		{B277B9ED-16A9-49DC-89A4-D45212AE00E2}.Release|x64.ActiveCfg = Release|x64
		{B277B9ED-16A9-49DC-89A4-D45212AE00E2}.Release|x64.Build.0 = Release|x64
		{B277B9ED-16A9-49DC-89A4-D45212AE00E2}.Release|x64.Deploy.0 = Release|x64
		{B277B9ED-16A9-49DC-89A4-D45212AE00E2}.Release|x86.ActiveCfg = Release|x86
		{B277B9ED-16A9-49DC-89A4-D45212AE00E2}.Release|x86.Build.0 = Release|x86
		{B277B9ED-16A9-49DC-89A4-D45212AE00E2}.Release|x86.Deploy.0 = Release|x86
		{234753A1-A580-4C30-8101-109E58ADA7F6}.Debug|Any CPU.ActiveCfg = Debug|Any CPU
		{234753A1-A580-4C30-8101-109E58ADA7F6}.Debug|Any CPU.Build.0 = Debug|Any CPU
		{234753A1-A580-4C30-8101-109E58ADA7F6}.Debug|ARM.ActiveCfg = Debug|Any CPU
		{234753A1-A580-4C30-8101-109E58ADA7F6}.Debug|ARM.Build.0 = Debug|Any CPU
		{234753A1-A580-4C30-8101-109E58ADA7F6}.Debug|x64.ActiveCfg = Debug|Any CPU
		{234753A1-A580-4C30-8101-109E58ADA7F6}.Debug|x64.Build.0 = Debug|Any CPU
		{234753A1-A580-4C30-8101-109E58ADA7F6}.Debug|x86.ActiveCfg = Debug|Any CPU
		{234753A1-A580-4C30-8101-109E58ADA7F6}.Debug|x86.Build.0 = Debug|Any CPU
		{234753A1-A580-4C30-8101-109E58ADA7F6}.Release|Any CPU.ActiveCfg = Release|Any CPU
		{234753A1-A580-4C30-8101-109E58ADA7F6}.Release|Any CPU.Build.0 = Release|Any CPU
		{234753A1-A580-4C30-8101-109E58ADA7F6}.Release|ARM.ActiveCfg = Release|Any CPU
		{234753A1-A580-4C30-8101-109E58ADA7F6}.Release|ARM.Build.0 = Release|Any CPU
		{234753A1-A580-4C30-8101-109E58ADA7F6}.Release|x64.ActiveCfg = Release|Any CPU
		{234753A1-A580-4C30-8101-109E58ADA7F6}.Release|x64.Build.0 = Release|Any CPU
		{234753A1-A580-4C30-8101-109E58ADA7F6}.Release|x86.ActiveCfg = Release|Any CPU
		{234753A1-A580-4C30-8101-109E58ADA7F6}.Release|x86.Build.0 = Release|Any CPU
	EndGlobalSection
	GlobalSection(SolutionProperties) = preSolution
		HideSolutionNode = FALSE
	EndGlobalSection
	GlobalSection(ExtensibilityGlobals) = postSolution
		SolutionGuid = {507CB7A8-F21F-4F9D-9D8F-8D5A8D7A4318}
	EndGlobalSection
EndGlobal
